
Microsoft Visual Studio Solution File, Format Version 12.00
# Visual Studio 15
VisualStudioVersion = 15.0.28307.572
MinimumVisualStudioVersion = 10.0.40219.1
Project("{FAE04EC0-301F-11D3-BF4B-00C04F79EFBC}") = "RabbitMQ1", "RabbitMQ1\RabbitMQ1.csproj", "{C00AD3B2-460B-48E7-A3FC-0FF4C6DB49F5}"
EndProject
Project("{FAE04EC0-301F-11D3-BF4B-00C04F79EFBC}") = "Mq.Helper", "Mq.Helper\Mq.Helper.csproj", "{D848AFDE-7BE2-460E-882A-4FEF9FA05172}"
EndProject
Global
	GlobalSection(SolutionConfigurationPlatforms) = preSolution
		Debug|Any CPU = Debug|Any CPU
		Release|Any CPU = Release|Any CPU
	EndGlobalSection
	GlobalSection(ProjectConfigurationPlatforms) = postSolution
		{C00AD3B2-460B-48E7-A3FC-0FF4C6DB49F5}.Debug|Any CPU.ActiveCfg = Debug|Any CPU
		{C00AD3B2-460B-48E7-A3FC-0FF4C6DB49F5}.Debug|Any CPU.Build.0 = Debug|Any CPU
		{C00AD3B2-460B-48E7-A3FC-0FF4C6DB49F5}.Release|Any CPU.ActiveCfg = Release|Any CPU
		{C00AD3B2-460B-48E7-A3FC-0FF4C6DB49F5}.Release|Any CPU.Build.0 = Release|Any CPU
		{D848AFDE-7BE2-460E-882A-4FEF9FA05172}.Debug|Any CPU.ActiveCfg = Debug|Any CPU
		{D848AFDE-7BE2-460E-882A-4FEF9FA05172}.Debug|Any CPU.Build.0 = Debug|Any CPU
		{D848AFDE-7BE2-460E-882A-4FEF9FA05172}.Release|Any CPU.ActiveCfg = Release|Any CPU
		{D848AFDE-7BE2-460E-882A-4FEF9FA05172}.Release|Any CPU.Build.0 = Release|Any CPU
	EndGlobalSection
	GlobalSection(SolutionProperties) = preSolution
		HideSolutionNode = FALSE
	EndGlobalSection
	GlobalSection(ExtensibilityGlobals) = postSolution
		SolutionGuid = {712DE1BE-3322-48C6-9AC1-177BAD0030D7}
	EndGlobalSection
EndGlobal
